
Microsoft Visual Studio Solution File, Format Version 12.00
# Visual Studio Version 17
VisualStudioVersion = 17.14.36915.13 d17.14
MinimumVisualStudioVersion = 10.0.40219.1
Project("{FAE04EC0-301F-11D3-BF4B-00C04F79EFBC}") = "GestionUsuarios.Api", "GestionUsuarios\GestionUsuarios.Api.csproj", "{93AF080A-DCDF-4E01-A4C3-2E2ED31E8135}"
EndProject
Project("{FAE04EC0-301F-11D3-BF4B-00C04F79EFBC}") = "ItemsTrabajo.Api", "ItemsTrabajo\ItemsTrabajo.Api.csproj", "{AAE0E6BF-85E3-4DD4-9420-3CBB55B03254}"
EndProject
Global
	GlobalSection(SolutionConfigurationPlatforms) = preSolution
		Debug|Any CPU = Debug|Any CPU
		Release|Any CPU = Release|Any CPU
	EndGlobalSection
	GlobalSection(ProjectConfigurationPlatforms) = postSolution
		{93AF080A-DCDF-4E01-A4C3-2E2ED31E8135}.Debug|Any CPU.ActiveCfg = Debug|Any CPU
		{93AF080A-DCDF-4E01-A4C3-2E2ED31E8135}.Debug|Any CPU.Build.0 = Debug|Any CPU
		{93AF080A-DCDF-4E01-A4C3-2E2ED31E8135}.Release|Any CPU.ActiveCfg = Release|Any CPU
		{93AF080A-DCDF-4E01-A4C3-2E2ED31E8135}.Release|Any CPU.Build.0 = Release|Any CPU
		{AAE0E6BF-85E3-4DD4-9420-3CBB55B03254}.Debug|Any CPU.ActiveCfg = Debug|Any CPU
		{AAE0E6BF-85E3-4DD4-9420-3CBB55B03254}.Debug|Any CPU.Build.0 = Debug|Any CPU
		{AAE0E6BF-85E3-4DD4-9420-3CBB55B03254}.Release|Any CPU.ActiveCfg = Release|Any CPU
		{AAE0E6BF-85E3-4DD4-9420-3CBB55B03254}.Release|Any CPU.Build.0 = Release|Any CPU
	EndGlobalSection
	GlobalSection(SolutionProperties) = preSolution
		HideSolutionNode = FALSE
	EndGlobalSection
	GlobalSection(ExtensibilityGlobals) = postSolution
		SolutionGuid = {D6F2FA72-B147-47DE-BA79-C44C00A32F9F}
	EndGlobalSection
EndGlobal
